
Microsoft Visual Studio Solution File, Format Version 12.00
# Visual Studio Version 16
VisualStudioVersion = 16.0.30523.141
MinimumVisualStudioVersion = 10.0.40219.1
Project("{FAE04EC0-301F-11D3-BF4B-00C04F79EFBC}") = "RentVDB", "RentVDB\RentVDB.csproj", "{802E19D7-5FE6-47A2-8956-25319EE72B4E}"
EndProject
Global
	GlobalSection(SolutionConfigurationPlatforms) = preSolution
		Debug|Any CPU = Debug|Any CPU
		Release|Any CPU = Release|Any CPU
	EndGlobalSection
	GlobalSection(ProjectConfigurationPlatforms) = postSolution
		{802E19D7-5FE6-47A2-8956-25319EE72B4E}.Debug|Any CPU.ActiveCfg = Debug|Any CPU
		{802E19D7-5FE6-47A2-8956-25319EE72B4E}.Debug|Any CPU.Build.0 = Debug|Any CPU
		{802E19D7-5FE6-47A2-8956-25319EE72B4E}.Release|Any CPU.ActiveCfg = Release|Any CPU
		{802E19D7-5FE6-47A2-8956-25319EE72B4E}.Release|Any CPU.Build.0 = Release|Any CPU
	EndGlobalSection
	GlobalSection(SolutionProperties) = preSolution
		HideSolutionNode = FALSE
	EndGlobalSection
	GlobalSection(ExtensibilityGlobals) = postSolution
		SolutionGuid = {1DF576B7-13A1-405E-8747-F86425DDC8D4}
	EndGlobalSection
EndGlobal
